
Microsoft Visual Studio Solution File, Format Version 12.00
# Visual Studio Version 17
VisualStudioVersion = 17.2.32526.322
MinimumVisualStudioVersion = 10.0.40219.1
Project("{FAE04EC0-301F-11D3-BF4B-00C04F79EFBC}") = "PoS", "PoS\PoS.csproj", "{BAED95BF-007B-4BBC-9CD9-07CC498FF763}"
EndProject
Global
	GlobalSection(SolutionConfigurationPlatforms) = preSolution
		Debug|Any CPU = Debug|Any CPU
		Release|Any CPU = Release|Any CPU
	EndGlobalSection
	GlobalSection(ProjectConfigurationPlatforms) = postSolution
		{BAED95BF-007B-4BBC-9CD9-07CC498FF763}.Debug|Any CPU.ActiveCfg = Debug|Any CPU
		{BAED95BF-007B-4BBC-9CD9-07CC498FF763}.Debug|Any CPU.Build.0 = Debug|Any CPU
		{BAED95BF-007B-4BBC-9CD9-07CC498FF763}.Release|Any CPU.ActiveCfg = Release|Any CPU
		{BAED95BF-007B-4BBC-9CD9-07CC498FF763}.Release|Any CPU.Build.0 = Release|Any CPU
	EndGlobalSection
	GlobalSection(SolutionProperties) = preSolution
		HideSolutionNode = FALSE
	EndGlobalSection
	GlobalSection(ExtensibilityGlobals) = postSolution
		SolutionGuid = {69671ED9-2510-45DC-B2F8-6E790DC643AF}
	EndGlobalSection
EndGlobal
